
Microsoft Visual Studio Solution File, Format Version 12.00
# Visual Studio 15
VisualStudioVersion = 15.0.28307.271
MinimumVisualStudioVersion = 10.0.40219.1
Project("{FAE04EC0-301F-11D3-BF4B-00C04F79EFBC}") = "DenisWebsite", "TESTINGGGGG\DenisWebsite.csproj", "{28CC21B1-C842-45B3-81D1-9C6519CEDA94}"
EndProject
Global
	GlobalSection(SolutionConfigurationPlatforms) = preSolution
		Debug|Any CPU = Debug|Any CPU
		Release|Any CPU = Release|Any CPU
	EndGlobalSection
	GlobalSection(ProjectConfigurationPlatforms) = postSolution
		{28CC21B1-C842-45B3-81D1-9C6519CEDA94}.Debug|Any CPU.ActiveCfg = Debug|Any CPU
		{28CC21B1-C842-45B3-81D1-9C6519CEDA94}.Debug|Any CPU.Build.0 = Debug|Any CPU
		{28CC21B1-C842-45B3-81D1-9C6519CEDA94}.Release|Any CPU.ActiveCfg = Release|Any CPU
		{28CC21B1-C842-45B3-81D1-9C6519CEDA94}.Release|Any CPU.Build.0 = Release|Any CPU
	EndGlobalSection
	GlobalSection(SolutionProperties) = preSolution
		HideSolutionNode = FALSE
	EndGlobalSection
	GlobalSection(ExtensibilityGlobals) = postSolution
		SolutionGuid = {01DA909B-EF63-47EA-9C56-3CEDF747C12B}
	EndGlobalSection
EndGlobal
